
Microsoft Visual Studio Solution File, Format Version 12.00
# Visual Studio Version 17
VisualStudioVersion = 17.1.32210.238
MinimumVisualStudioVersion = 10.0.40219.1
Project("{FAE04EC0-301F-11D3-BF4B-00C04F79EFBC}") = "Basic Exercises", "Basic Exercises\Basic Exercises.csproj", "{B179F6B5-309F-4C26-A729-BDF4EB81FE0B}"
EndProject
Global
	GlobalSection(SolutionConfigurationPlatforms) = preSolution
		Debug|Any CPU = Debug|Any CPU
		Release|Any CPU = Release|Any CPU
	EndGlobalSection
	GlobalSection(ProjectConfigurationPlatforms) = postSolution
		{B179F6B5-309F-4C26-A729-BDF4EB81FE0B}.Debug|Any CPU.ActiveCfg = Debug|Any CPU
		{B179F6B5-309F-4C26-A729-BDF4EB81FE0B}.Debug|Any CPU.Build.0 = Debug|Any CPU
		{B179F6B5-309F-4C26-A729-BDF4EB81FE0B}.Release|Any CPU.ActiveCfg = Release|Any CPU
		{B179F6B5-309F-4C26-A729-BDF4EB81FE0B}.Release|Any CPU.Build.0 = Release|Any CPU
	EndGlobalSection
	GlobalSection(SolutionProperties) = preSolution
		HideSolutionNode = FALSE
	EndGlobalSection
	GlobalSection(ExtensibilityGlobals) = postSolution
		SolutionGuid = {8355694D-A527-4150-A12E-9BDBC9F13622}
	EndGlobalSection
EndGlobal
